{
  "name": "3d-renderer",
  "version": "1.0.0",
  "lockfileVersion": 2,
  "requires": true,
  "packages": {
    "": {
      "name": "3d-renderer",
      "version": "1.0.0",
      "license": "ISC",
      "dependencies": {
        "babylon": "^6.18.0"
      },
      "devDependencies": {
        "@types/babylonjs": "^2.4.1"
      }
    },
    "node_modules/@types/babylonjs": {
      "version": "2.4.1",
      "resolved": "https://registry.npmjs.org/@types/babylonjs/-/babylonjs-2.4.1.tgz",
      "integrity": "sha512-vt6db2PxisxsnLvL5holHLV9vMJzELAhFq54syX/tKncTmjeraQSR1W20j9/KYLEpAFU18u76rK8utb8JlUrtQ==",
      "deprecated": "This is a stub types definition for BabylonJS (http://www.babylonjs.com/). BabylonJS provides its own type definitions, so you don't need @types/babylonjs installed!",
      "dev": true,
      "dependencies": {
        "babylonjs": "*"
      }
    },
    "node_modules/babylon": {
      "version": "6.18.0",
      "resolved": "https://registry.npmjs.org/babylon/-/babylon-6.18.0.tgz",
      "integrity": "sha512-q/UEjfGJ2Cm3oKV71DJz9d25TPnq5rhBVL2Q4fA5wcC3jcrdn7+SssEybFIxwAvvP+YCsCYNKughoF33GxgycQ==",
      "bin": {
        "babylon": "bin/babylon.js"
      }
    },
    "node_modules/babylonjs": {
      "version": "6.27.1",
      "resolved": "https://registry.npmjs.org/babylonjs/-/babylonjs-6.27.1.tgz",
      "integrity": "sha512-25MKsEuiqMe073V5HKAUXIoQhQp9h5hDbxHcLCi/Qy9VzlJfq/XyFfu8owph3dZXXQ6+psdcCBtCa6pAURbFrA==",
      "dev": true,
      "hasInstallScript": true
    }
  },
  "dependencies": {
    "@types/babylonjs": {
      "version": "2.4.1",
      "resolved": "https://registry.npmjs.org/@types/babylonjs/-/babylonjs-2.4.1.tgz",
      "integrity": "sha512-vt6db2PxisxsnLvL5holHLV9vMJzELAhFq54syX/tKncTmjeraQSR1W20j9/KYLEpAFU18u76rK8utb8JlUrtQ==",
      "dev": true,
      "requires": {
        "babylonjs": "*"
      }
    },
    "babylon": {
      "version": "6.18.0",
      "resolved": "https://registry.npmjs.org/babylon/-/babylon-6.18.0.tgz",
      "integrity": "sha512-q/UEjfGJ2Cm3oKV71DJz9d25TPnq5rhBVL2Q4fA5wcC3jcrdn7+SssEybFIxwAvvP+YCsCYNKughoF33GxgycQ=="
    },
    "babylonjs": {
      "version": "6.27.1",
      "resolved": "https://registry.npmjs.org/babylonjs/-/babylonjs-6.27.1.tgz",
      "integrity": "sha512-25MKsEuiqMe073V5HKAUXIoQhQp9h5hDbxHcLCi/Qy9VzlJfq/XyFfu8owph3dZXXQ6+psdcCBtCa6pAURbFrA==",
      "dev": true
    }
  }
}
